
Microsoft Visual Studio Solution File, Format Version 12.00
# Visual Studio Version 16
VisualStudioVersion = 16.0.31205.134
MinimumVisualStudioVersion = 10.0.40219.1
Project("{FAE04EC0-301F-11D3-BF4B-00C04F79EFBC}") = "FullTilt", "FullTilt\FullTilt.csproj", "{4CAFC5B2-E399-49D5-8627-A3A9CAF34248}"
EndProject
Global
	GlobalSection(SolutionConfigurationPlatforms) = preSolution
		Debug|Any CPU = Debug|Any CPU
		Release|Any CPU = Release|Any CPU
	EndGlobalSection
	GlobalSection(ProjectConfigurationPlatforms) = postSolution
		{4CAFC5B2-E399-49D5-8627-A3A9CAF34248}.Debug|Any CPU.ActiveCfg = Debug|Any CPU
		{4CAFC5B2-E399-49D5-8627-A3A9CAF34248}.Debug|Any CPU.Build.0 = Debug|Any CPU
		{4CAFC5B2-E399-49D5-8627-A3A9CAF34248}.Release|Any CPU.ActiveCfg = Release|Any CPU
		{4CAFC5B2-E399-49D5-8627-A3A9CAF34248}.Release|Any CPU.Build.0 = Release|Any CPU
	EndGlobalSection
	GlobalSection(SolutionProperties) = preSolution
		HideSolutionNode = FALSE
	EndGlobalSection
	GlobalSection(ExtensibilityGlobals) = postSolution
		SolutionGuid = {E13DEF79-5C18-4CBF-B336-EB0192240431}
	EndGlobalSection
EndGlobal
